
Microsoft Visual Studio Solution File, Format Version 12.00
# Visual Studio Version 16
VisualStudioVersion = 16.0.30413.136
MinimumVisualStudioVersion = 10.0.40219.1
Project("{FAE04EC0-301F-11D3-BF4B-00C04F79EFBC}") = "ProcessUtil", "ProcessUtil\ProcessUtil.csproj", "{0CA8B6D5-5DFB-4292-951E-4A2CCFC80AFF}"
EndProject
Global
	GlobalSection(SolutionConfigurationPlatforms) = preSolution
		Debug|Any CPU = Debug|Any CPU
		Release|Any CPU = Release|Any CPU
	EndGlobalSection
	GlobalSection(ProjectConfigurationPlatforms) = postSolution
		{0CA8B6D5-5DFB-4292-951E-4A2CCFC80AFF}.Debug|Any CPU.ActiveCfg = Debug|Any CPU
		{0CA8B6D5-5DFB-4292-951E-4A2CCFC80AFF}.Debug|Any CPU.Build.0 = Debug|Any CPU
		{0CA8B6D5-5DFB-4292-951E-4A2CCFC80AFF}.Release|Any CPU.ActiveCfg = Release|Any CPU
		{0CA8B6D5-5DFB-4292-951E-4A2CCFC80AFF}.Release|Any CPU.Build.0 = Release|Any CPU
	EndGlobalSection
	GlobalSection(SolutionProperties) = preSolution
		HideSolutionNode = FALSE
	EndGlobalSection
	GlobalSection(ExtensibilityGlobals) = postSolution
		SolutionGuid = {BCD44A9B-1E9E-40D1-8000-D86ABD5F50C5}
	EndGlobalSection
EndGlobal
